
Microsoft Visual Studio Solution File, Format Version 12.00
# Visual Studio Version 17
VisualStudioVersion = 17.5.002.0
MinimumVisualStudioVersion = 10.0.40219.1
Project("{9A19103F-16F7-4668-BE54-9A1E7A4F7556}") = "stone-game-ii", "stone-game-ii.csproj", "{0F9882A1-2BFB-4720-9984-ADA10709B1EE}"
EndProject
Global
	GlobalSection(SolutionConfigurationPlatforms) = preSolution
		Debug|Any CPU = Debug|Any CPU
		Release|Any CPU = Release|Any CPU
	EndGlobalSection
	GlobalSection(ProjectConfigurationPlatforms) = postSolution
		{0F9882A1-2BFB-4720-9984-ADA10709B1EE}.Debug|Any CPU.ActiveCfg = Debug|Any CPU
		{0F9882A1-2BFB-4720-9984-ADA10709B1EE}.Debug|Any CPU.Build.0 = Debug|Any CPU
		{0F9882A1-2BFB-4720-9984-ADA10709B1EE}.Release|Any CPU.ActiveCfg = Release|Any CPU
		{0F9882A1-2BFB-4720-9984-ADA10709B1EE}.Release|Any CPU.Build.0 = Release|Any CPU
	EndGlobalSection
	GlobalSection(SolutionProperties) = preSolution
		HideSolutionNode = FALSE
	EndGlobalSection
	GlobalSection(ExtensibilityGlobals) = postSolution
		SolutionGuid = {5C47C97A-8ABE-4136-85DB-0403A6C7DE02}
	EndGlobalSection
EndGlobal
