
Microsoft Visual Studio Solution File, Format Version 12.00
# Visual Studio Version 17
VisualStudioVersion = 17.11.35222.181
MinimumVisualStudioVersion = 10.0.40219.1
Project("{FAE04EC0-301F-11D3-BF4B-00C04F79EFBC}") = "all-oone-data-structure", "all-oone-data-structure.csproj", "{FFD25324-D459-4E40-9181-F65C70F0AAC8}"
EndProject
Global
	GlobalSection(SolutionConfigurationPlatforms) = preSolution
		Debug|Any CPU = Debug|Any CPU
		Release|Any CPU = Release|Any CPU
	EndGlobalSection
	GlobalSection(ProjectConfigurationPlatforms) = postSolution
		{FFD25324-D459-4E40-9181-F65C70F0AAC8}.Debug|Any CPU.ActiveCfg = Debug|Any CPU
		{FFD25324-D459-4E40-9181-F65C70F0AAC8}.Debug|Any CPU.Build.0 = Debug|Any CPU
		{FFD25324-D459-4E40-9181-F65C70F0AAC8}.Release|Any CPU.ActiveCfg = Release|Any CPU
		{FFD25324-D459-4E40-9181-F65C70F0AAC8}.Release|Any CPU.Build.0 = Release|Any CPU
	EndGlobalSection
	GlobalSection(SolutionProperties) = preSolution
		HideSolutionNode = FALSE
	EndGlobalSection
	GlobalSection(ExtensibilityGlobals) = postSolution
		SolutionGuid = {651D9405-E451-4D30-9560-75E428DDDB25}
	EndGlobalSection
EndGlobal
