
Microsoft Visual Studio Solution File, Format Version 12.00
# Visual Studio Version 17
VisualStudioVersion = 17.10.35027.167
MinimumVisualStudioVersion = 10.0.40219.1
Project("{FAE04EC0-301F-11D3-BF4B-00C04F79EFBC}") = "combination-sum-ii", "combination-sum-ii.csproj", "{59F636C4-9AA1-4DC3-922E-F53881CB56A9}"
EndProject
Global
	GlobalSection(SolutionConfigurationPlatforms) = preSolution
		Debug|Any CPU = Debug|Any CPU
		Release|Any CPU = Release|Any CPU
	EndGlobalSection
	GlobalSection(ProjectConfigurationPlatforms) = postSolution
		{59F636C4-9AA1-4DC3-922E-F53881CB56A9}.Debug|Any CPU.ActiveCfg = Debug|Any CPU
		{59F636C4-9AA1-4DC3-922E-F53881CB56A9}.Debug|Any CPU.Build.0 = Debug|Any CPU
		{59F636C4-9AA1-4DC3-922E-F53881CB56A9}.Release|Any CPU.ActiveCfg = Release|Any CPU
		{59F636C4-9AA1-4DC3-922E-F53881CB56A9}.Release|Any CPU.Build.0 = Release|Any CPU
	EndGlobalSection
	GlobalSection(SolutionProperties) = preSolution
		HideSolutionNode = FALSE
	EndGlobalSection
	GlobalSection(ExtensibilityGlobals) = postSolution
		SolutionGuid = {0B308AC4-EEDF-4905-BCAC-5A1DB7570E52}
	EndGlobalSection
EndGlobal
