
Microsoft Visual Studio Solution File, Format Version 12.00
# Visual Studio Version 17
VisualStudioVersion = 17.5.002.0
MinimumVisualStudioVersion = 10.0.40219.1
Project("{9A19103F-16F7-4668-BE54-9A1E7A4F7556}") = "sort-array-by-increasing-frequency", "sort-array-by-increasing-frequency.csproj", "{2189336E-367C-43E2-8ACA-F936592249DD}"
EndProject
Global
	GlobalSection(SolutionConfigurationPlatforms) = preSolution
		Debug|Any CPU = Debug|Any CPU
		Release|Any CPU = Release|Any CPU
	EndGlobalSection
	GlobalSection(ProjectConfigurationPlatforms) = postSolution
		{2189336E-367C-43E2-8ACA-F936592249DD}.Debug|Any CPU.ActiveCfg = Debug|Any CPU
		{2189336E-367C-43E2-8ACA-F936592249DD}.Debug|Any CPU.Build.0 = Debug|Any CPU
		{2189336E-367C-43E2-8ACA-F936592249DD}.Release|Any CPU.ActiveCfg = Release|Any CPU
		{2189336E-367C-43E2-8ACA-F936592249DD}.Release|Any CPU.Build.0 = Release|Any CPU
	EndGlobalSection
	GlobalSection(SolutionProperties) = preSolution
		HideSolutionNode = FALSE
	EndGlobalSection
	GlobalSection(ExtensibilityGlobals) = postSolution
		SolutionGuid = {4A14A5A0-0EB1-47D4-9712-4140A13072D7}
	EndGlobalSection
EndGlobal
