
Microsoft Visual Studio Solution File, Format Version 12.00
# Visual Studio Version 17
VisualStudioVersion = 17.11.35222.181
MinimumVisualStudioVersion = 10.0.40219.1
Project("{FAE04EC0-301F-11D3-BF4B-00C04F79EFBC}") = "k-th-smallest-in-lexicographical-order", "k-th-smallest-in-lexicographical-order.csproj", "{C0903F8D-D2DC-4BF8-86A8-CD15EFDA5B9C}"
EndProject
Global
	GlobalSection(SolutionConfigurationPlatforms) = preSolution
		Debug|Any CPU = Debug|Any CPU
		Release|Any CPU = Release|Any CPU
	EndGlobalSection
	GlobalSection(ProjectConfigurationPlatforms) = postSolution
		{C0903F8D-D2DC-4BF8-86A8-CD15EFDA5B9C}.Debug|Any CPU.ActiveCfg = Debug|Any CPU
		{C0903F8D-D2DC-4BF8-86A8-CD15EFDA5B9C}.Debug|Any CPU.Build.0 = Debug|Any CPU
		{C0903F8D-D2DC-4BF8-86A8-CD15EFDA5B9C}.Release|Any CPU.ActiveCfg = Release|Any CPU
		{C0903F8D-D2DC-4BF8-86A8-CD15EFDA5B9C}.Release|Any CPU.Build.0 = Release|Any CPU
	EndGlobalSection
	GlobalSection(SolutionProperties) = preSolution
		HideSolutionNode = FALSE
	EndGlobalSection
	GlobalSection(ExtensibilityGlobals) = postSolution
		SolutionGuid = {FB95D419-E0D6-46B2-B822-42BFD4148CA2}
	EndGlobalSection
EndGlobal
