
Microsoft Visual Studio Solution File, Format Version 12.00
# Visual Studio Version 17
VisualStudioVersion = 17.10.35027.167
MinimumVisualStudioVersion = 10.0.40219.1
Project("{FAE04EC0-301F-11D3-BF4B-00C04F79EFBC}") = "create-binary-tree-from-descriptions", "create-binary-tree-from-descriptions.csproj", "{0D444B06-DE5B-4D7E-A99F-1C35851E21F2}"
EndProject
Global
	GlobalSection(SolutionConfigurationPlatforms) = preSolution
		Debug|Any CPU = Debug|Any CPU
		Release|Any CPU = Release|Any CPU
	EndGlobalSection
	GlobalSection(ProjectConfigurationPlatforms) = postSolution
		{0D444B06-DE5B-4D7E-A99F-1C35851E21F2}.Debug|Any CPU.ActiveCfg = Debug|Any CPU
		{0D444B06-DE5B-4D7E-A99F-1C35851E21F2}.Debug|Any CPU.Build.0 = Debug|Any CPU
		{0D444B06-DE5B-4D7E-A99F-1C35851E21F2}.Release|Any CPU.ActiveCfg = Release|Any CPU
		{0D444B06-DE5B-4D7E-A99F-1C35851E21F2}.Release|Any CPU.Build.0 = Release|Any CPU
	EndGlobalSection
	GlobalSection(SolutionProperties) = preSolution
		HideSolutionNode = FALSE
	EndGlobalSection
	GlobalSection(ExtensibilityGlobals) = postSolution
		SolutionGuid = {B25A17C8-A926-4FEC-8A73-F68F59AD0BD5}
	EndGlobalSection
EndGlobal
